{
  "name": "app-insights-stenciljs-demo",
  "version": "0.0.1",
  "lockfileVersion": 1,
  "requires": true,
  "dependencies": {
    "@microsoft/applicationinsights-analytics-js": {
      "version": "2.5.10",
      "resolved": "https://registry.npmjs.org/@microsoft/applicationinsights-analytics-js/-/applicationinsights-analytics-js-2.5.10.tgz",
      "integrity": "sha512-NhqPLVv068xOgq6TcU2oo3xOSJc90/aFHFBOpzfm4v2aQdskspLjhrEfIPxbAVnw4DBf+LfQMC82oi0aV3iqrA==",
      "requires": {
        "@microsoft/applicationinsights-common": "2.5.10",
        "@microsoft/applicationinsights-core-js": "2.5.10",
        "@microsoft/applicationinsights-shims": "1.0.3",
        "@microsoft/dynamicproto-js": "^1.1.0"
      }
    },
    "@microsoft/applicationinsights-channel-js": {
      "version": "2.5.10",
      "resolved": "https://registry.npmjs.org/@microsoft/applicationinsights-channel-js/-/applicationinsights-channel-js-2.5.10.tgz",
      "integrity": "sha512-Uq8lZ3M5oHcRYL31PZO5nRyS+iNQkPHXyjAxiNF1W8dtIfGC0Z3Du2N0LQPImq2vsQn5LmrTjMYtePPGYaozMw==",
      "requires": {
        "@microsoft/applicationinsights-common": "2.5.10",
        "@microsoft/applicationinsights-core-js": "2.5.10",
        "@microsoft/applicationinsights-shims": "1.0.3",
        "@microsoft/dynamicproto-js": "^1.1.0"
      }
    },
    "@microsoft/applicationinsights-common": {
      "version": "2.5.10",
      "resolved": "https://registry.npmjs.org/@microsoft/applicationinsights-common/-/applicationinsights-common-2.5.10.tgz",
      "integrity": "sha512-5PKfFXAphA21qeUe0fcUYUi7e4UyN9EEddji1uHophJl0x4/xGWsSo/t4y30a4yd2h0X3sY2BpXUcRjK+abvNA==",
      "requires": {
        "@microsoft/applicationinsights-core-js": "2.5.10",
        "@microsoft/applicationinsights-shims": "1.0.3"
      }
    },
    "@microsoft/applicationinsights-core-js": {
      "version": "2.5.10",
      "resolved": "https://registry.npmjs.org/@microsoft/applicationinsights-core-js/-/applicationinsights-core-js-2.5.10.tgz",
      "integrity": "sha512-Ie6bTfpiqXMxmt2b1qTdkpwhGmKl9w2aMMOh0cKOR3QDSK3UifrAMTcJ2gjlHV2CZSb9ib5FGcuLWcMV82OvmA==",
      "requires": {
        "@microsoft/applicationinsights-shims": "1.0.3",
        "@microsoft/dynamicproto-js": "^1.1.0"
      }
    },
    "@microsoft/applicationinsights-dependencies-js": {
      "version": "2.5.10",
      "resolved": "https://registry.npmjs.org/@microsoft/applicationinsights-dependencies-js/-/applicationinsights-dependencies-js-2.5.10.tgz",
      "integrity": "sha512-nAXOywEDfwBtmO6zvYqc12SwPEC4wYH5GP4ofQV7e0c218cz32vjg8to5T5MqAbyyCPgPZTvcOCugqVx3UmG3g==",
      "requires": {
        "@microsoft/applicationinsights-common": "2.5.10",
        "@microsoft/applicationinsights-core-js": "2.5.10",
        "@microsoft/applicationinsights-shims": "1.0.3",
        "@microsoft/dynamicproto-js": "^1.1.0"
      }
    },
    "@microsoft/applicationinsights-properties-js": {
      "version": "2.5.10",
      "resolved": "https://registry.npmjs.org/@microsoft/applicationinsights-properties-js/-/applicationinsights-properties-js-2.5.10.tgz",
      "integrity": "sha512-oCv1qU+kzTkDNBeZK9ApPmYE1n8psHXc7VitqAKF23u5dzYEi2u5UC4GwOBeWZDSS7tQ10fSjDtEMOWMd2k7vQ==",
      "requires": {
        "@microsoft/applicationinsights-common": "2.5.10",
        "@microsoft/applicationinsights-core-js": "2.5.10",
        "@microsoft/applicationinsights-shims": "1.0.3"
      }
    },
    "@microsoft/applicationinsights-shims": {
      "version": "1.0.3",
      "resolved": "https://registry.npmjs.org/@microsoft/applicationinsights-shims/-/applicationinsights-shims-1.0.3.tgz",
      "integrity": "sha512-+S17aqEkOYpyBpmclhgwcEplwnxSo5AxYBdRg38GBobI1GKPSpZfnLssLzcjJ6XZCS5tqB5xjyTZs6gHj7ZJWQ=="
    },
    "@microsoft/applicationinsights-web": {
      "version": "2.5.10",
      "resolved": "https://registry.npmjs.org/@microsoft/applicationinsights-web/-/applicationinsights-web-2.5.10.tgz",
      "integrity": "sha512-uaY+Q8Tw1yKxVkBF144BE9l+fiexL+tMwRxgNTKoxKQiEgXHR5FoPqMhUfJ2kxCVJDVHa4LHdyQNXRZYtWsAQw==",
      "requires": {
        "@microsoft/applicationinsights-analytics-js": "2.5.10",
        "@microsoft/applicationinsights-channel-js": "2.5.10",
        "@microsoft/applicationinsights-common": "2.5.10",
        "@microsoft/applicationinsights-core-js": "2.5.10",
        "@microsoft/applicationinsights-dependencies-js": "2.5.10",
        "@microsoft/applicationinsights-properties-js": "2.5.10",
        "@microsoft/applicationinsights-shims": "1.0.3",
        "@microsoft/dynamicproto-js": "^1.1.0"
      }
    },
    "@microsoft/dynamicproto-js": {
      "version": "1.1.0",
      "resolved": "https://registry.npmjs.org/@microsoft/dynamicproto-js/-/dynamicproto-js-1.1.0.tgz",
      "integrity": "sha512-pjcr+A6wTQHl/S4b5zQzeDMC6+9ekojCFHQAEYI4a8u9ZjWwbg4jmtO22CWEuRWWN/lBMjay9FKanlODWk5wqQ=="
    },
    "@stencil/core": {
      "version": "2.3.0",
      "resolved": "https://registry.npmjs.org/@stencil/core/-/core-2.3.0.tgz",
      "integrity": "sha512-VZ/Ox0E1kngcmHbJhHUufuLELi+xG3of3LuRI3X2AMWyE82JUVYlOEsQci/YBZWpfc9BS9I36R88prBew22oew==",
      "dev": true
    },
    "@stencil/router": {
      "version": "1.0.1",
      "resolved": "https://registry.npmjs.org/@stencil/router/-/router-1.0.1.tgz",
      "integrity": "sha512-ZMholl1BE+glNAc/8pcEb9RYkeH0XETxsJbx6D7f3azTmaTXqKYty1IACP/3BtVjuimpfLdxQJ+J95wKmnYBtA==",
      "dev": true,
      "requires": {
        "@stencil/state-tunnel": "^1.0.1"
      }
    },
    "@stencil/state-tunnel": {
      "version": "1.0.1",
      "resolved": "https://registry.npmjs.org/@stencil/state-tunnel/-/state-tunnel-1.0.1.tgz",
      "integrity": "sha512-DYG8uROgL9hkjVTCtCfRBb0d3FwpiFB0muRrNZQ2X1Qo5hxMuNNji76/ILddqeq0AfgkKCW82xrMPDpy+rNIhQ==",
      "dev": true
    },
    "fp-ts": {
      "version": "2.9.3",
      "resolved": "https://registry.npmjs.org/fp-ts/-/fp-ts-2.9.3.tgz",
      "integrity": "sha512-NjzcHYgigcbPQ6yJ52zwgsVDwKz3vwy9sjbxyzcvfXQm+j1BGeOPRuzLKEwsLyE4Xut6gG1FXJtsU9/gUB7tXg=="
    }
  }
}
